{
  "name": "Sanctuary-Adt-Type-Class",
  "lockfileVersion": 2,
  "requires": true,
  "packages": {
    "": {
      "dependencies": {
        "fantasy-land": "^5.0.0",
        "sanctuary": "^3.1.0",
        "sanctuary-useless": "^2.0.1"
      }
    },
    "node_modules/fantasy-land": {
      "version": "5.0.0",
      "resolved": "https://registry.npmjs.org/fantasy-land/-/fantasy-land-5.0.0.tgz",
      "integrity": "sha512-4LlU+1GjZxgs+NCV72RO+VPKETud0WOGuBuZaVoennE0F4eyGJDaaUHXhzwiXU9A7qBCnE2o9ONG5tlCfTw6+A=="
    },
    "node_modules/sanctuary": {
      "version": "3.1.0",
      "resolved": "https://registry.npmjs.org/sanctuary/-/sanctuary-3.1.0.tgz",
      "integrity": "sha512-yTpWmslb5Q2jXcHYeIfCzJksIpe3pngBaFBDpjdPXONWyVSB3hBVDZZ8EmitohaMZqjLB+JREeEL0YOVtdxILA==",
      "dependencies": {
        "sanctuary-def": "0.22.0",
        "sanctuary-either": "2.1.0",
        "sanctuary-maybe": "2.1.0",
        "sanctuary-pair": "2.1.0",
        "sanctuary-show": "2.0.0",
        "sanctuary-type-classes": "12.1.0",
        "sanctuary-type-identifiers": "3.0.0"
      }
    },
    "node_modules/sanctuary-def": {
      "version": "0.22.0",
      "resolved": "https://registry.npmjs.org/sanctuary-def/-/sanctuary-def-0.22.0.tgz",
      "integrity": "sha512-lywS27TfuPHzelMh6M1YWBcB//Lom4Gko/tGjKYbDPkPet1B5KplsSdjY+5sF4mwp6+PDUodsk/Y3Uskrc/ebw==",
      "dependencies": {
        "sanctuary-either": "2.1.0",
        "sanctuary-show": "2.0.0",
        "sanctuary-type-classes": "12.1.0",
        "sanctuary-type-identifiers": "3.0.0"
      }
    },
    "node_modules/sanctuary-either": {
      "version": "2.1.0",
      "resolved": "https://registry.npmjs.org/sanctuary-either/-/sanctuary-either-2.1.0.tgz",
      "integrity": "sha512-AsQCma2yGAVS7Dlxme/09NZWQfcXBNylVmkuvarp8uOe9otSwClOgQyyePN2OxO4hTf3Au1Ck4ggm+97Je06kA==",
      "dependencies": {
        "sanctuary-show": "2.0.0",
        "sanctuary-type-classes": "12.1.0"
      }
    },
    "node_modules/sanctuary-maybe": {
      "version": "2.1.0",
      "resolved": "https://registry.npmjs.org/sanctuary-maybe/-/sanctuary-maybe-2.1.0.tgz",
      "integrity": "sha512-xCmvaEkYaIz5klWUrsgvgORKTL3bVYxATp7HyGBY0ZCu9tHJtSYDTpwnqMkRknHFIU986Kr2M/dJdiFvuc6UCQ==",
      "dependencies": {
        "sanctuary-show": "2.0.0",
        "sanctuary-type-classes": "12.1.0"
      }
    },
    "node_modules/sanctuary-pair": {
      "version": "2.1.0",
      "resolved": "https://registry.npmjs.org/sanctuary-pair/-/sanctuary-pair-2.1.0.tgz",
      "integrity": "sha512-yY1JzzIJ/Ex7rjN8NmQLB7yv6GVzNeaMvxoYSW8w1ReLQI0n2sGOVCnAVipZuCv7wmfd+BavSXp59rklJeYytw==",
      "dependencies": {
        "sanctuary-show": "2.0.0",
        "sanctuary-type-classes": "12.1.0"
      }
    },
    "node_modules/sanctuary-show": {
      "version": "2.0.0",
      "resolved": "https://registry.npmjs.org/sanctuary-show/-/sanctuary-show-2.0.0.tgz",
      "integrity": "sha512-REj4ZiioUXnDLj6EpJ9HcYDIEGaEexmB9Fg5o6InZR9f0x5PfnnC21QeU9SZ9E7G8zXSZPNjy8VRUK4safbesw=="
    },
    "node_modules/sanctuary-type-classes": {
      "version": "12.1.0",
      "resolved": "https://registry.npmjs.org/sanctuary-type-classes/-/sanctuary-type-classes-12.1.0.tgz",
      "integrity": "sha512-oWP071Q88dEgJwxHLZp8tc7DoS+mWmYhYOuhP85zznPpIxV1ZjJfyRvcR59YCazyFxyFeBif7bJx1giLhDZW0Q==",
      "dependencies": {
        "sanctuary-type-identifiers": "3.0.0"
      }
    },
    "node_modules/sanctuary-type-identifiers": {
      "version": "3.0.0",
      "resolved": "https://registry.npmjs.org/sanctuary-type-identifiers/-/sanctuary-type-identifiers-3.0.0.tgz",
      "integrity": "sha512-YFXYcG0Ura1dSPd/1xLYtE2XAWUEsBHhMTZvYBOvwT8MeFQwdUOCMm2DC+r94z6H93FVq0qxDac8/D7QpJj6Mg=="
    },
    "node_modules/sanctuary-useless": {
      "version": "2.0.1",
      "resolved": "https://registry.npmjs.org/sanctuary-useless/-/sanctuary-useless-2.0.1.tgz",
      "integrity": "sha512-aQfMzQYMmjPCjcaUp/+lQvm7lKrztm8VW/y9zmrgApN11Q5DGK5flcLgI4Nx2oZZtMlJ/i64/PGmUtfZJ+Wd1A=="
    }
  },
  "dependencies": {
    "fantasy-land": {
      "version": "5.0.0",
      "resolved": "https://registry.npmjs.org/fantasy-land/-/fantasy-land-5.0.0.tgz",
      "integrity": "sha512-4LlU+1GjZxgs+NCV72RO+VPKETud0WOGuBuZaVoennE0F4eyGJDaaUHXhzwiXU9A7qBCnE2o9ONG5tlCfTw6+A=="
    },
    "sanctuary": {
      "version": "3.1.0",
      "resolved": "https://registry.npmjs.org/sanctuary/-/sanctuary-3.1.0.tgz",
      "integrity": "sha512-yTpWmslb5Q2jXcHYeIfCzJksIpe3pngBaFBDpjdPXONWyVSB3hBVDZZ8EmitohaMZqjLB+JREeEL0YOVtdxILA==",
      "requires": {
        "sanctuary-def": "0.22.0",
        "sanctuary-either": "2.1.0",
        "sanctuary-maybe": "2.1.0",
        "sanctuary-pair": "2.1.0",
        "sanctuary-show": "2.0.0",
        "sanctuary-type-classes": "12.1.0",
        "sanctuary-type-identifiers": "3.0.0"
      }
    },
    "sanctuary-def": {
      "version": "0.22.0",
      "resolved": "https://registry.npmjs.org/sanctuary-def/-/sanctuary-def-0.22.0.tgz",
      "integrity": "sha512-lywS27TfuPHzelMh6M1YWBcB//Lom4Gko/tGjKYbDPkPet1B5KplsSdjY+5sF4mwp6+PDUodsk/Y3Uskrc/ebw==",
      "requires": {
        "sanctuary-either": "2.1.0",
        "sanctuary-show": "2.0.0",
        "sanctuary-type-classes": "12.1.0",
        "sanctuary-type-identifiers": "3.0.0"
      }
    },
    "sanctuary-either": {
      "version": "2.1.0",
      "resolved": "https://registry.npmjs.org/sanctuary-either/-/sanctuary-either-2.1.0.tgz",
      "integrity": "sha512-AsQCma2yGAVS7Dlxme/09NZWQfcXBNylVmkuvarp8uOe9otSwClOgQyyePN2OxO4hTf3Au1Ck4ggm+97Je06kA==",
      "requires": {
        "sanctuary-show": "2.0.0",
        "sanctuary-type-classes": "12.1.0"
      }
    },
    "sanctuary-maybe": {
      "version": "2.1.0",
      "resolved": "https://registry.npmjs.org/sanctuary-maybe/-/sanctuary-maybe-2.1.0.tgz",
      "integrity": "sha512-xCmvaEkYaIz5klWUrsgvgORKTL3bVYxATp7HyGBY0ZCu9tHJtSYDTpwnqMkRknHFIU986Kr2M/dJdiFvuc6UCQ==",
      "requires": {
        "sanctuary-show": "2.0.0",
        "sanctuary-type-classes": "12.1.0"
      }
    },
    "sanctuary-pair": {
      "version": "2.1.0",
      "resolved": "https://registry.npmjs.org/sanctuary-pair/-/sanctuary-pair-2.1.0.tgz",
      "integrity": "sha512-yY1JzzIJ/Ex7rjN8NmQLB7yv6GVzNeaMvxoYSW8w1ReLQI0n2sGOVCnAVipZuCv7wmfd+BavSXp59rklJeYytw==",
      "requires": {
        "sanctuary-show": "2.0.0",
        "sanctuary-type-classes": "12.1.0"
      }
    },
    "sanctuary-show": {
      "version": "2.0.0",
      "resolved": "https://registry.npmjs.org/sanctuary-show/-/sanctuary-show-2.0.0.tgz",
      "integrity": "sha512-REj4ZiioUXnDLj6EpJ9HcYDIEGaEexmB9Fg5o6InZR9f0x5PfnnC21QeU9SZ9E7G8zXSZPNjy8VRUK4safbesw=="
    },
    "sanctuary-type-classes": {
      "version": "12.1.0",
      "resolved": "https://registry.npmjs.org/sanctuary-type-classes/-/sanctuary-type-classes-12.1.0.tgz",
      "integrity": "sha512-oWP071Q88dEgJwxHLZp8tc7DoS+mWmYhYOuhP85zznPpIxV1ZjJfyRvcR59YCazyFxyFeBif7bJx1giLhDZW0Q==",
      "requires": {
        "sanctuary-type-identifiers": "3.0.0"
      }
    },
    "sanctuary-type-identifiers": {
      "version": "3.0.0",
      "resolved": "https://registry.npmjs.org/sanctuary-type-identifiers/-/sanctuary-type-identifiers-3.0.0.tgz",
      "integrity": "sha512-YFXYcG0Ura1dSPd/1xLYtE2XAWUEsBHhMTZvYBOvwT8MeFQwdUOCMm2DC+r94z6H93FVq0qxDac8/D7QpJj6Mg=="
    },
    "sanctuary-useless": {
      "version": "2.0.1",
      "resolved": "https://registry.npmjs.org/sanctuary-useless/-/sanctuary-useless-2.0.1.tgz",
      "integrity": "sha512-aQfMzQYMmjPCjcaUp/+lQvm7lKrztm8VW/y9zmrgApN11Q5DGK5flcLgI4Nx2oZZtMlJ/i64/PGmUtfZJ+Wd1A=="
    }
  }
}
